
Microsoft Visual Studio Solution File, Format Version 12.00
# Visual Studio Version 17
VisualStudioVersion = 17.9.34723.18
MinimumVisualStudioVersion = 10.0.40219.1
Project("{FAE04EC0-301F-11D3-BF4B-00C04F79EFBC}") = "Server", "chat\Server.csproj", "{AF704C8C-AC72-4EE6-95AD-8033E4A707F8}"
EndProject
Project("{FAE04EC0-301F-11D3-BF4B-00C04F79EFBC}") = "Client", "server\Client.csproj", "{44698A78-F152-4940-8212-56333F3D22E4}"
EndProject
Global
	GlobalSection(SolutionConfigurationPlatforms) = preSolution
		Debug|Any CPU = Debug|Any CPU
		Release|Any CPU = Release|Any CPU
	EndGlobalSection
	GlobalSection(ProjectConfigurationPlatforms) = postSolution
		{AF704C8C-AC72-4EE6-95AD-8033E4A707F8}.Debug|Any CPU.ActiveCfg = Debug|Any CPU
		{AF704C8C-AC72-4EE6-95AD-8033E4A707F8}.Debug|Any CPU.Build.0 = Debug|Any CPU
		{AF704C8C-AC72-4EE6-95AD-8033E4A707F8}.Release|Any CPU.ActiveCfg = Release|Any CPU
		{AF704C8C-AC72-4EE6-95AD-8033E4A707F8}.Release|Any CPU.Build.0 = Release|Any CPU
		{44698A78-F152-4940-8212-56333F3D22E4}.Debug|Any CPU.ActiveCfg = Debug|Any CPU
		{44698A78-F152-4940-8212-56333F3D22E4}.Debug|Any CPU.Build.0 = Debug|Any CPU
		{44698A78-F152-4940-8212-56333F3D22E4}.Release|Any CPU.ActiveCfg = Release|Any CPU
		{44698A78-F152-4940-8212-56333F3D22E4}.Release|Any CPU.Build.0 = Release|Any CPU
	EndGlobalSection
	GlobalSection(SolutionProperties) = preSolution
		HideSolutionNode = FALSE
	EndGlobalSection
	GlobalSection(ExtensibilityGlobals) = postSolution
		SolutionGuid = {1117AFBB-6A62-42D1-8A50-236B64FC7C3A}
	EndGlobalSection
EndGlobal
